
Microsoft Visual Studio Solution File, Format Version 12.00
# Visual Studio 14
VisualStudioVersion = 14.0.25420.1
MinimumVisualStudioVersion = 10.0.40219.1
Project("{FAE04EC0-301F-11D3-BF4B-00C04F79EFBC}") = "xPlatAuction.Droid", "xPlatAuction\xPlatAuction.Droid\xPlatAuction.Droid.csproj", "{85FEAFAD-6256-48D9-92CA-89EFC899F1C1}"
EndProject
Project("{FAE04EC0-301F-11D3-BF4B-00C04F79EFBC}") = "xPlatAuction.iOS", "xPlatAuction\xPlatAuction.iOS\xPlatAuction.iOS.csproj", "{93B7774D-BBCD-40F1-865F-CE2F8D858DEF}"
EndProject
Project("{FAE04EC0-301F-11D3-BF4B-00C04F79EFBC}") = "xPlatAuction.WinPhone", "xPlatAuction\xPlatAuction.WinPhone\xPlatAuction.WinPhone.csproj", "{20DD9C67-D44F-47A0-904F-827D3DA3D416}"
EndProject
Project("{FAE04EC0-301F-11D3-BF4B-00C04F79EFBC}") = "xPlatAuction.UWP", "xPlatAuction\xPlatAuction.UWP\xPlatAuction.UWP.csproj", "{204E3A96-AFCD-4C5E-8489-4E6C95C0A9F9}"
EndProject
Project("{FAE04EC0-301F-11D3-BF4B-00C04F79EFBC}") = "xPlatAuction.Windows", "xPlatAuction\xPlatAuction.Windows\xPlatAuction.Windows.csproj", "{B15E50C6-2FBE-4B63-9AF3-156BEFC88E68}"
EndProject
Project("{FAE04EC0-301F-11D3-BF4B-00C04F79EFBC}") = "xPlatAuction", "xPlatAuction\xPlatAuction\xPlatAuction.csproj", "{08ED6FE5-86D6-43C0-B04C-BE13644A863D}"
EndProject
Project("{FAE04EC0-301F-11D3-BF4B-00C04F79EFBC}") = "xPlatAuction.MobileApp.Backend", "xPlatAuction.MobileApp.Backend\xPlatAuction.MobileApp.Backend.csproj", "{7961C340-6442-43B3-8F93-A7207D2AF66D}"
EndProject
Global
	GlobalSection(SolutionConfigurationPlatforms) = preSolution
		Ad-Hoc|Any CPU = Ad-Hoc|Any CPU
		Ad-Hoc|ARM = Ad-Hoc|ARM
		Ad-Hoc|iPhone = Ad-Hoc|iPhone
		Ad-Hoc|iPhoneSimulator = Ad-Hoc|iPhoneSimulator
		Ad-Hoc|x64 = Ad-Hoc|x64
		Ad-Hoc|x86 = Ad-Hoc|x86
		AppStore|Any CPU = AppStore|Any CPU
		AppStore|ARM = AppStore|ARM
		AppStore|iPhone = AppStore|iPhone
		AppStore|iPhoneSimulator = AppStore|iPhoneSimulator
		AppStore|x64 = AppStore|x64
		AppStore|x86 = AppStore|x86
		Debug|Any CPU = Debug|Any CPU
		Debug|ARM = Debug|ARM
		Debug|iPhone = Debug|iPhone
		Debug|iPhoneSimulator = Debug|iPhoneSimulator
		Debug|x64 = Debug|x64
		Debug|x86 = Debug|x86
		Release|Any CPU = Release|Any CPU
		Release|ARM = Release|ARM
		Release|iPhone = Release|iPhone
		Release|iPhoneSimulator = Release|iPhoneSimulator
		Release|x64 = Release|x64
		Release|x86 = Release|x86
	EndGlobalSection
	GlobalSection(ProjectConfigurationPlatforms) = postSolution
		{85FEAFAD-6256-48D9-92CA-89EFC899F1C1}.Ad-Hoc|Any CPU.ActiveCfg = Release|Any CPU
		{85FEAFAD-6256-48D9-92CA-89EFC899F1C1}.Ad-Hoc|Any CPU.Build.0 = Release|Any CPU
		{85FEAFAD-6256-48D9-92CA-89EFC899F1C1}.Ad-Hoc|Any CPU.Deploy.0 = Release|Any CPU
		{85FEAFAD-6256-48D9-92CA-89EFC899F1C1}.Ad-Hoc|ARM.ActiveCfg = Release|Any CPU
		{85FEAFAD-6256-48D9-92CA-89EFC899F1C1}.Ad-Hoc|ARM.Build.0 = Release|Any CPU
		{85FEAFAD-6256-48D9-92CA-89EFC899F1C1}.Ad-Hoc|ARM.Deploy.0 = Release|Any CPU
		{85FEAFAD-6256-48D9-92CA-89EFC899F1C1}.Ad-Hoc|iPhone.ActiveCfg = Release|Any CPU
		{85FEAFAD-6256-48D9-92CA-89EFC899F1C1}.Ad-Hoc|iPhone.Build.0 = Release|Any CPU
		{85FEAFAD-6256-48D9-92CA-89EFC899F1C1}.Ad-Hoc|iPhone.Deploy.0 = Release|Any CPU
		{85FEAFAD-6256-48D9-92CA-89EFC899F1C1}.Ad-Hoc|iPhoneSimulator.ActiveCfg = Release|Any CPU
		{85FEAFAD-6256-48D9-92CA-89EFC899F1C1}.Ad-Hoc|iPhoneSimulator.Build.0 = Release|Any CPU
		{85FEAFAD-6256-48D9-92CA-89EFC899F1C1}.Ad-Hoc|iPhoneSimulator.Deploy.0 = Release|Any CPU
		{85FEAFAD-6256-48D9-92CA-89EFC899F1C1}.Ad-Hoc|x64.ActiveCfg = Release|Any CPU
		{85FEAFAD-6256-48D9-92CA-89EFC899F1C1}.Ad-Hoc|x64.Build.0 = Release|Any CPU
		{85FEAFAD-6256-48D9-92CA-89EFC899F1C1}.Ad-Hoc|x64.Deploy.0 = Release|Any CPU
		{85FEAFAD-6256-48D9-92CA-89EFC899F1C1}.Ad-Hoc|x86.ActiveCfg = Release|Any CPU
		{85FEAFAD-6256-48D9-92CA-89EFC899F1C1}.Ad-Hoc|x86.Build.0 = Release|Any CPU
		{85FEAFAD-6256-48D9-92CA-89EFC899F1C1}.Ad-Hoc|x86.Deploy.0 = Release|Any CPU
		{85FEAFAD-6256-48D9-92CA-89EFC899F1C1}.AppStore|Any CPU.ActiveCfg = Release|Any CPU
		{85FEAFAD-6256-48D9-92CA-89EFC899F1C1}.AppStore|Any CPU.Build.0 = Release|Any CPU
		{85FEAFAD-6256-48D9-92CA-89EFC899F1C1}.AppStore|Any CPU.Deploy.0 = Release|Any CPU
		{85FEAFAD-6256-48D9-92CA-89EFC899F1C1}.AppStore|ARM.ActiveCfg = Release|Any CPU
		{85FEAFAD-6256-48D9-92CA-89EFC899F1C1}.AppStore|ARM.Build.0 = Release|Any CPU
		{85FEAFAD-6256-48D9-92CA-89EFC899F1C1}.AppStore|ARM.Deploy.0 = Release|Any CPU
		{85FEAFAD-6256-48D9-92CA-89EFC899F1C1}.AppStore|iPhone.ActiveCfg = Release|Any CPU
		{85FEAFAD-6256-48D9-92CA-89EFC899F1C1}.AppStore|iPhone.Build.0 = Release|Any CPU
		{85FEAFAD-6256-48D9-92CA-89EFC899F1C1}.AppStore|iPhone.Deploy.0 = Release|Any CPU
		{85FEAFAD-6256-48D9-92CA-89EFC899F1C1}.AppStore|iPhoneSimulator.ActiveCfg = Release|Any CPU
		{85FEAFAD-6256-48D9-92CA-89EFC899F1C1}.AppStore|iPhoneSimulator.Build.0 = Release|Any CPU
		{85FEAFAD-6256-48D9-92CA-89EFC899F1C1}.AppStore|iPhoneSimulator.Deploy.0 = Release|Any CPU
		{85FEAFAD-6256-48D9-92CA-89EFC899F1C1}.AppStore|x64.ActiveCfg = Release|Any CPU
		{85FEAFAD-6256-48D9-92CA-89EFC899F1C1}.AppStore|x64.Build.0 = Release|Any CPU
		{85FEAFAD-6256-48D9-92CA-89EFC899F1C1}.AppStore|x64.Deploy.0 = Release|Any CPU
		{85FEAFAD-6256-48D9-92CA-89EFC899F1C1}.AppStore|x86.ActiveCfg = Release|Any CPU
		{85FEAFAD-6256-48D9-92CA-89EFC899F1C1}.AppStore|x86.Build.0 = Release|Any CPU
		{85FEAFAD-6256-48D9-92CA-89EFC899F1C1}.AppStore|x86.Deploy.0 = Release|Any CPU
		{85FEAFAD-6256-48D9-92CA-89EFC899F1C1}.Debug|Any CPU.ActiveCfg = Debug|Any CPU
		{85FEAFAD-6256-48D9-92CA-89EFC899F1C1}.Debug|Any CPU.Build.0 = Debug|Any CPU
		{85FEAFAD-6256-48D9-92CA-89EFC899F1C1}.Debug|Any CPU.Deploy.0 = Debug|Any CPU
		{85FEAFAD-6256-48D9-92CA-89EFC899F1C1}.Debug|ARM.ActiveCfg = Debug|Any CPU
		{85FEAFAD-6256-48D9-92CA-89EFC899F1C1}.Debug|ARM.Build.0 = Debug|Any CPU
		{85FEAFAD-6256-48D9-92CA-89EFC899F1C1}.Debug|ARM.Deploy.0 = Debug|Any CPU
		{85FEAFAD-6256-48D9-92CA-89EFC899F1C1}.Debug|iPhone.ActiveCfg = Debug|Any CPU
		{85FEAFAD-6256-48D9-92CA-89EFC899F1C1}.Debug|iPhone.Build.0 = Debug|Any CPU
		{85FEAFAD-6256-48D9-92CA-89EFC899F1C1}.Debug|iPhone.Deploy.0 = Debug|Any CPU
		{85FEAFAD-6256-48D9-92CA-89EFC899F1C1}.Debug|iPhoneSimulator.ActiveCfg = Debug|Any CPU
		{85FEAFAD-6256-48D9-92CA-89EFC899F1C1}.Debug|iPhoneSimulator.Build.0 = Debug|Any CPU
		{85FEAFAD-6256-48D9-92CA-89EFC899F1C1}.Debug|iPhoneSimulator.Deploy.0 = Debug|Any CPU
		{85FEAFAD-6256-48D9-92CA-89EFC899F1C1}.Debug|x64.ActiveCfg = Debug|Any CPU
		{85FEAFAD-6256-48D9-92CA-89EFC899F1C1}.Debug|x64.Build.0 = Debug|Any CPU
		{85FEAFAD-6256-48D9-92CA-89EFC899F1C1}.Debug|x64.Deploy.0 = Debug|Any CPU
		{85FEAFAD-6256-48D9-92CA-89EFC899F1C1}.Debug|x86.ActiveCfg = Debug|Any CPU
		{85FEAFAD-6256-48D9-92CA-89EFC899F1C1}.Debug|x86.Build.0 = Debug|Any CPU
		{85FEAFAD-6256-48D9-92CA-89EFC899F1C1}.Debug|x86.Deploy.0 = Debug|Any CPU
		{85FEAFAD-6256-48D9-92CA-89EFC899F1C1}.Release|Any CPU.ActiveCfg = Release|Any CPU
		{85FEAFAD-6256-48D9-92CA-89EFC899F1C1}.Release|Any CPU.Build.0 = Release|Any CPU
		{85FEAFAD-6256-48D9-92CA-89EFC899F1C1}.Release|Any CPU.Deploy.0 = Release|Any CPU
		{85FEAFAD-6256-48D9-92CA-89EFC899F1C1}.Release|ARM.ActiveCfg = Release|Any CPU
		{85FEAFAD-6256-48D9-92CA-89EFC899F1C1}.Release|ARM.Build.0 = Release|Any CPU
		{85FEAFAD-6256-48D9-92CA-89EFC899F1C1}.Release|ARM.Deploy.0 = Release|Any CPU
		{85FEAFAD-6256-48D9-92CA-89EFC899F1C1}.Release|iPhone.ActiveCfg = Release|Any CPU
		{85FEAFAD-6256-48D9-92CA-89EFC899F1C1}.Release|iPhone.Build.0 = Release|Any CPU
		{85FEAFAD-6256-48D9-92CA-89EFC899F1C1}.Release|iPhone.Deploy.0 = Release|Any CPU
		{85FEAFAD-6256-48D9-92CA-89EFC899F1C1}.Release|iPhoneSimulator.ActiveCfg = Release|Any CPU
		{85FEAFAD-6256-48D9-92CA-89EFC899F1C1}.Release|iPhoneSimulator.Build.0 = Release|Any CPU
		{85FEAFAD-6256-48D9-92CA-89EFC899F1C1}.Release|iPhoneSimulator.Deploy.0 = Release|Any CPU
		{85FEAFAD-6256-48D9-92CA-89EFC899F1C1}.Release|x64.ActiveCfg = Release|Any CPU
		{85FEAFAD-6256-48D9-92CA-89EFC899F1C1}.Release|x64.Build.0 = Release|Any CPU
		{85FEAFAD-6256-48D9-92CA-89EFC899F1C1}.Release|x64.Deploy.0 = Release|Any CPU
		{85FEAFAD-6256-48D9-92CA-89EFC899F1C1}.Release|x86.ActiveCfg = Release|Any CPU
		{85FEAFAD-6256-48D9-92CA-89EFC899F1C1}.Release|x86.Build.0 = Release|Any CPU
		{85FEAFAD-6256-48D9-92CA-89EFC899F1C1}.Release|x86.Deploy.0 = Release|Any CPU
		{93B7774D-BBCD-40F1-865F-CE2F8D858DEF}.Ad-Hoc|Any CPU.ActiveCfg = Ad-Hoc|iPhone
		{93B7774D-BBCD-40F1-865F-CE2F8D858DEF}.Ad-Hoc|ARM.ActiveCfg = Ad-Hoc|iPhone
		{93B7774D-BBCD-40F1-865F-CE2F8D858DEF}.Ad-Hoc|iPhone.ActiveCfg = Ad-Hoc|iPhone
		{93B7774D-BBCD-40F1-865F-CE2F8D858DEF}.Ad-Hoc|iPhone.Build.0 = Ad-Hoc|iPhone
		{93B7774D-BBCD-40F1-865F-CE2F8D858DEF}.Ad-Hoc|iPhoneSimulator.ActiveCfg = Ad-Hoc|iPhoneSimulator
		{93B7774D-BBCD-40F1-865F-CE2F8D858DEF}.Ad-Hoc|iPhoneSimulator.Build.0 = Ad-Hoc|iPhoneSimulator
		{93B7774D-BBCD-40F1-865F-CE2F8D858DEF}.Ad-Hoc|x64.ActiveCfg = Ad-Hoc|iPhone
		{93B7774D-BBCD-40F1-865F-CE2F8D858DEF}.Ad-Hoc|x86.ActiveCfg = Ad-Hoc|iPhone
		{93B7774D-BBCD-40F1-865F-CE2F8D858DEF}.AppStore|Any CPU.ActiveCfg = AppStore|iPhone
		{93B7774D-BBCD-40F1-865F-CE2F8D858DEF}.AppStore|ARM.ActiveCfg = AppStore|iPhone
		{93B7774D-BBCD-40F1-865F-CE2F8D858DEF}.AppStore|iPhone.ActiveCfg = AppStore|iPhone
		{93B7774D-BBCD-40F1-865F-CE2F8D858DEF}.AppStore|iPhone.Build.0 = AppStore|iPhone
		{93B7774D-BBCD-40F1-865F-CE2F8D858DEF}.AppStore|iPhoneSimulator.ActiveCfg = AppStore|iPhoneSimulator
		{93B7774D-BBCD-40F1-865F-CE2F8D858DEF}.AppStore|iPhoneSimulator.Build.0 = AppStore|iPhoneSimulator
		{93B7774D-BBCD-40F1-865F-CE2F8D858DEF}.AppStore|x64.ActiveCfg = AppStore|iPhone
		{93B7774D-BBCD-40F1-865F-CE2F8D858DEF}.AppStore|x86.ActiveCfg = AppStore|iPhone
		{93B7774D-BBCD-40F1-865F-CE2F8D858DEF}.Debug|Any CPU.ActiveCfg = Debug|iPhone
		{93B7774D-BBCD-40F1-865F-CE2F8D858DEF}.Debug|ARM.ActiveCfg = Debug|iPhone
		{93B7774D-BBCD-40F1-865F-CE2F8D858DEF}.Debug|iPhone.ActiveCfg = Debug|iPhone
		{93B7774D-BBCD-40F1-865F-CE2F8D858DEF}.Debug|iPhone.Build.0 = Debug|iPhone
		{93B7774D-BBCD-40F1-865F-CE2F8D858DEF}.Debug|iPhoneSimulator.ActiveCfg = Debug|iPhoneSimulator
		{93B7774D-BBCD-40F1-865F-CE2F8D858DEF}.Debug|iPhoneSimulator.Build.0 = Debug|iPhoneSimulator
		{93B7774D-BBCD-40F1-865F-CE2F8D858DEF}.Debug|x64.ActiveCfg = Debug|iPhone
		{93B7774D-BBCD-40F1-865F-CE2F8D858DEF}.Debug|x86.ActiveCfg = Debug|iPhone
		{93B7774D-BBCD-40F1-865F-CE2F8D858DEF}.Release|Any CPU.ActiveCfg = Release|iPhone
		{93B7774D-BBCD-40F1-865F-CE2F8D858DEF}.Release|ARM.ActiveCfg = Release|iPhone
		{93B7774D-BBCD-40F1-865F-CE2F8D858DEF}.Release|iPhone.ActiveCfg = Release|iPhone
		{93B7774D-BBCD-40F1-865F-CE2F8D858DEF}.Release|iPhone.Build.0 = Release|iPhone
		{93B7774D-BBCD-40F1-865F-CE2F8D858DEF}.Release|iPhoneSimulator.ActiveCfg = Release|iPhoneSimulator
		{93B7774D-BBCD-40F1-865F-CE2F8D858DEF}.Release|iPhoneSimulator.Build.0 = Release|iPhoneSimulator
		{93B7774D-BBCD-40F1-865F-CE2F8D858DEF}.Release|x64.ActiveCfg = Release|iPhone
		{93B7774D-BBCD-40F1-865F-CE2F8D858DEF}.Release|x86.ActiveCfg = Release|iPhone
		{20DD9C67-D44F-47A0-904F-827D3DA3D416}.Ad-Hoc|Any CPU.ActiveCfg = Release|Any CPU
		{20DD9C67-D44F-47A0-904F-827D3DA3D416}.Ad-Hoc|Any CPU.Build.0 = Release|Any CPU
		{20DD9C67-D44F-47A0-904F-827D3DA3D416}.Ad-Hoc|Any CPU.Deploy.0 = Release|Any CPU
		{20DD9C67-D44F-47A0-904F-827D3DA3D416}.Ad-Hoc|ARM.ActiveCfg = Release|ARM
		{20DD9C67-D44F-47A0-904F-827D3DA3D416}.Ad-Hoc|ARM.Build.0 = Release|ARM
		{20DD9C67-D44F-47A0-904F-827D3DA3D416}.Ad-Hoc|ARM.Deploy.0 = Release|ARM
		{20DD9C67-D44F-47A0-904F-827D3DA3D416}.Ad-Hoc|iPhone.ActiveCfg = Release|Any CPU
		{20DD9C67-D44F-47A0-904F-827D3DA3D416}.Ad-Hoc|iPhone.Build.0 = Release|Any CPU
		{20DD9C67-D44F-47A0-904F-827D3DA3D416}.Ad-Hoc|iPhone.Deploy.0 = Release|Any CPU
		{20DD9C67-D44F-47A0-904F-827D3DA3D416}.Ad-Hoc|iPhoneSimulator.ActiveCfg = Release|Any CPU
		{20DD9C67-D44F-47A0-904F-827D3DA3D416}.Ad-Hoc|iPhoneSimulator.Build.0 = Release|Any CPU
		{20DD9C67-D44F-47A0-904F-827D3DA3D416}.Ad-Hoc|iPhoneSimulator.Deploy.0 = Release|Any CPU
		{20DD9C67-D44F-47A0-904F-827D3DA3D416}.Ad-Hoc|x64.ActiveCfg = Release|Any CPU
		{20DD9C67-D44F-47A0-904F-827D3DA3D416}.Ad-Hoc|x64.Build.0 = Release|Any CPU
		{20DD9C67-D44F-47A0-904F-827D3DA3D416}.Ad-Hoc|x64.Deploy.0 = Release|Any CPU
		{20DD9C67-D44F-47A0-904F-827D3DA3D416}.Ad-Hoc|x86.ActiveCfg = Release|x86
		{20DD9C67-D44F-47A0-904F-827D3DA3D416}.Ad-Hoc|x86.Build.0 = Release|x86
		{20DD9C67-D44F-47A0-904F-827D3DA3D416}.Ad-Hoc|x86.Deploy.0 = Release|x86
		{20DD9C67-D44F-47A0-904F-827D3DA3D416}.AppStore|Any CPU.ActiveCfg = Release|Any CPU
		{20DD9C67-D44F-47A0-904F-827D3DA3D416}.AppStore|Any CPU.Build.0 = Release|Any CPU
		{20DD9C67-D44F-47A0-904F-827D3DA3D416}.AppStore|Any CPU.Deploy.0 = Release|Any CPU
		{20DD9C67-D44F-47A0-904F-827D3DA3D416}.AppStore|ARM.ActiveCfg = Release|ARM
		{20DD9C67-D44F-47A0-904F-827D3DA3D416}.AppStore|ARM.Build.0 = Release|ARM
		{20DD9C67-D44F-47A0-904F-827D3DA3D416}.AppStore|ARM.Deploy.0 = Release|ARM
		{20DD9C67-D44F-47A0-904F-827D3DA3D416}.AppStore|iPhone.ActiveCfg = Release|Any CPU
		{20DD9C67-D44F-47A0-904F-827D3DA3D416}.AppStore|iPhone.Build.0 = Release|Any CPU
		{20DD9C67-D44F-47A0-904F-827D3DA3D416}.AppStore|iPhone.Deploy.0 = Release|Any CPU
		{20DD9C67-D44F-47A0-904F-827D3DA3D416}.AppStore|iPhoneSimulator.ActiveCfg = Release|Any CPU
		{20DD9C67-D44F-47A0-904F-827D3DA3D416}.AppStore|iPhoneSimulator.Build.0 = Release|Any CPU
		{20DD9C67-D44F-47A0-904F-827D3DA3D416}.AppStore|iPhoneSimulator.Deploy.0 = Release|Any CPU
		{20DD9C67-D44F-47A0-904F-827D3DA3D416}.AppStore|x64.ActiveCfg = Release|Any CPU
		{20DD9C67-D44F-47A0-904F-827D3DA3D416}.AppStore|x64.Build.0 = Release|Any CPU
		{20DD9C67-D44F-47A0-904F-827D3DA3D416}.AppStore|x64.Deploy.0 = Release|Any CPU
		{20DD9C67-D44F-47A0-904F-827D3DA3D416}.AppStore|x86.ActiveCfg = Release|x86
		{20DD9C67-D44F-47A0-904F-827D3DA3D416}.AppStore|x86.Build.0 = Release|x86
		{20DD9C67-D44F-47A0-904F-827D3DA3D416}.AppStore|x86.Deploy.0 = Release|x86
		{20DD9C67-D44F-47A0-904F-827D3DA3D416}.Debug|Any CPU.ActiveCfg = Debug|Any CPU
		{20DD9C67-D44F-47A0-904F-827D3DA3D416}.Debug|Any CPU.Build.0 = Debug|Any CPU
		{20DD9C67-D44F-47A0-904F-827D3DA3D416}.Debug|Any CPU.Deploy.0 = Debug|Any CPU
		{20DD9C67-D44F-47A0-904F-827D3DA3D416}.Debug|ARM.ActiveCfg = Debug|ARM
		{20DD9C67-D44F-47A0-904F-827D3DA3D416}.Debug|ARM.Build.0 = Debug|ARM
		{20DD9C67-D44F-47A0-904F-827D3DA3D416}.Debug|ARM.Deploy.0 = Debug|ARM
		{20DD9C67-D44F-47A0-904F-827D3DA3D416}.Debug|iPhone.ActiveCfg = Debug|Any CPU
		{20DD9C67-D44F-47A0-904F-827D3DA3D416}.Debug|iPhone.Build.0 = Debug|Any CPU
		{20DD9C67-D44F-47A0-904F-827D3DA3D416}.Debug|iPhone.Deploy.0 = Debug|Any CPU
		{20DD9C67-D44F-47A0-904F-827D3DA3D416}.Debug|iPhoneSimulator.ActiveCfg = Debug|Any CPU
		{20DD9C67-D44F-47A0-904F-827D3DA3D416}.Debug|iPhoneSimulator.Build.0 = Debug|Any CPU
		{20DD9C67-D44F-47A0-904F-827D3DA3D416}.Debug|iPhoneSimulator.Deploy.0 = Debug|Any CPU
		{20DD9C67-D44F-47A0-904F-827D3DA3D416}.Debug|x64.ActiveCfg = Debug|Any CPU
		{20DD9C67-D44F-47A0-904F-827D3DA3D416}.Debug|x64.Build.0 = Debug|Any CPU
		{20DD9C67-D44F-47A0-904F-827D3DA3D416}.Debug|x64.Deploy.0 = Debug|Any CPU
		{20DD9C67-D44F-47A0-904F-827D3DA3D416}.Debug|x86.ActiveCfg = Debug|x86
		{20DD9C67-D44F-47A0-904F-827D3DA3D416}.Debug|x86.Build.0 = Debug|x86
		{20DD9C67-D44F-47A0-904F-827D3DA3D416}.Debug|x86.Deploy.0 = Debug|x86
		{20DD9C67-D44F-47A0-904F-827D3DA3D416}.Release|Any CPU.ActiveCfg = Release|Any CPU
		{20DD9C67-D44F-47A0-904F-827D3DA3D416}.Release|Any CPU.Build.0 = Release|Any CPU
		{20DD9C67-D44F-47A0-904F-827D3DA3D416}.Release|Any CPU.Deploy.0 = Release|Any CPU
		{20DD9C67-D44F-47A0-904F-827D3DA3D416}.Release|ARM.ActiveCfg = Release|ARM
		{20DD9C67-D44F-47A0-904F-827D3DA3D416}.Release|ARM.Build.0 = Release|ARM
		{20DD9C67-D44F-47A0-904F-827D3DA3D416}.Release|ARM.Deploy.0 = Release|ARM
		{20DD9C67-D44F-47A0-904F-827D3DA3D416}.Release|iPhone.ActiveCfg = Release|Any CPU
		{20DD9C67-D44F-47A0-904F-827D3DA3D416}.Release|iPhone.Build.0 = Release|Any CPU
		{20DD9C67-D44F-47A0-904F-827D3DA3D416}.Release|iPhone.Deploy.0 = Release|Any CPU
		{20DD9C67-D44F-47A0-904F-827D3DA3D416}.Release|iPhoneSimulator.ActiveCfg = Release|Any CPU
		{20DD9C67-D44F-47A0-904F-827D3DA3D416}.Release|iPhoneSimulator.Build.0 = Release|Any CPU
		{20DD9C67-D44F-47A0-904F-827D3DA3D416}.Release|iPhoneSimulator.Deploy.0 = Release|Any CPU
		{20DD9C67-D44F-47A0-904F-827D3DA3D416}.Release|x64.ActiveCfg = Release|Any CPU
		{20DD9C67-D44F-47A0-904F-827D3DA3D416}.Release|x64.Build.0 = Release|Any CPU
		{20DD9C67-D44F-47A0-904F-827D3DA3D416}.Release|x64.Deploy.0 = Release|Any CPU
		{20DD9C67-D44F-47A0-904F-827D3DA3D416}.Release|x86.ActiveCfg = Release|x86
		{20DD9C67-D44F-47A0-904F-827D3DA3D416}.Release|x86.Build.0 = Release|x86
		{20DD9C67-D44F-47A0-904F-827D3DA3D416}.Release|x86.Deploy.0 = Release|x86
		{204E3A96-AFCD-4C5E-8489-4E6C95C0A9F9}.Ad-Hoc|Any CPU.ActiveCfg = Release|x86
		{204E3A96-AFCD-4C5E-8489-4E6C95C0A9F9}.Ad-Hoc|Any CPU.Build.0 = Release|x86
		{204E3A96-AFCD-4C5E-8489-4E6C95C0A9F9}.Ad-Hoc|Any CPU.Deploy.0 = Release|x86
		{204E3A96-AFCD-4C5E-8489-4E6C95C0A9F9}.Ad-Hoc|ARM.ActiveCfg = Release|ARM
		{204E3A96-AFCD-4C5E-8489-4E6C95C0A9F9}.Ad-Hoc|ARM.Build.0 = Release|ARM
		{204E3A96-AFCD-4C5E-8489-4E6C95C0A9F9}.Ad-Hoc|ARM.Deploy.0 = Release|ARM
		{204E3A96-AFCD-4C5E-8489-4E6C95C0A9F9}.Ad-Hoc|iPhone.ActiveCfg = Release|x86
		{204E3A96-AFCD-4C5E-8489-4E6C95C0A9F9}.Ad-Hoc|iPhone.Build.0 = Release|x86
		{204E3A96-AFCD-4C5E-8489-4E6C95C0A9F9}.Ad-Hoc|iPhone.Deploy.0 = Release|x86
		{204E3A96-AFCD-4C5E-8489-4E6C95C0A9F9}.Ad-Hoc|iPhoneSimulator.ActiveCfg = Release|x86
		{204E3A96-AFCD-4C5E-8489-4E6C95C0A9F9}.Ad-Hoc|iPhoneSimulator.Build.0 = Release|x86
		{204E3A96-AFCD-4C5E-8489-4E6C95C0A9F9}.Ad-Hoc|iPhoneSimulator.Deploy.0 = Release|x86
		{204E3A96-AFCD-4C5E-8489-4E6C95C0A9F9}.Ad-Hoc|x64.ActiveCfg = Release|x64
		{204E3A96-AFCD-4C5E-8489-4E6C95C0A9F9}.Ad-Hoc|x64.Build.0 = Release|x64
		{204E3A96-AFCD-4C5E-8489-4E6C95C0A9F9}.Ad-Hoc|x64.Deploy.0 = Release|x64
		{204E3A96-AFCD-4C5E-8489-4E6C95C0A9F9}.Ad-Hoc|x86.ActiveCfg = Release|x86
		{204E3A96-AFCD-4C5E-8489-4E6C95C0A9F9}.Ad-Hoc|x86.Build.0 = Release|x86
		{204E3A96-AFCD-4C5E-8489-4E6C95C0A9F9}.Ad-Hoc|x86.Deploy.0 = Release|x86
		{204E3A96-AFCD-4C5E-8489-4E6C95C0A9F9}.AppStore|Any CPU.ActiveCfg = Release|x86
		{204E3A96-AFCD-4C5E-8489-4E6C95C0A9F9}.AppStore|Any CPU.Build.0 = Release|x86
		{204E3A96-AFCD-4C5E-8489-4E6C95C0A9F9}.AppStore|Any CPU.Deploy.0 = Release|x86
		{204E3A96-AFCD-4C5E-8489-4E6C95C0A9F9}.AppStore|ARM.ActiveCfg = Release|ARM
		{204E3A96-AFCD-4C5E-8489-4E6C95C0A9F9}.AppStore|ARM.Build.0 = Release|ARM
		{204E3A96-AFCD-4C5E-8489-4E6C95C0A9F9}.AppStore|ARM.Deploy.0 = Release|ARM
		{204E3A96-AFCD-4C5E-8489-4E6C95C0A9F9}.AppStore|iPhone.ActiveCfg = Release|x86
		{204E3A96-AFCD-4C5E-8489-4E6C95C0A9F9}.AppStore|iPhone.Build.0 = Release|x86
		{204E3A96-AFCD-4C5E-8489-4E6C95C0A9F9}.AppStore|iPhone.Deploy.0 = Release|x86
		{204E3A96-AFCD-4C5E-8489-4E6C95C0A9F9}.AppStore|iPhoneSimulator.ActiveCfg = Release|x86
		{204E3A96-AFCD-4C5E-8489-4E6C95C0A9F9}.AppStore|iPhoneSimulator.Build.0 = Release|x86
		{204E3A96-AFCD-4C5E-8489-4E6C95C0A9F9}.AppStore|iPhoneSimulator.Deploy.0 = Release|x86
		{204E3A96-AFCD-4C5E-8489-4E6C95C0A9F9}.AppStore|x64.ActiveCfg = Release|x64
		{204E3A96-AFCD-4C5E-8489-4E6C95C0A9F9}.AppStore|x64.Build.0 = Release|x64
		{204E3A96-AFCD-4C5E-8489-4E6C95C0A9F9}.AppStore|x64.Deploy.0 = Release|x64
		{204E3A96-AFCD-4C5E-8489-4E6C95C0A9F9}.AppStore|x86.ActiveCfg = Release|x86
		{204E3A96-AFCD-4C5E-8489-4E6C95C0A9F9}.AppStore|x86.Build.0 = Release|x86
		{204E3A96-AFCD-4C5E-8489-4E6C95C0A9F9}.AppStore|x86.Deploy.0 = Release|x86
		{204E3A96-AFCD-4C5E-8489-4E6C95C0A9F9}.Debug|Any CPU.ActiveCfg = Debug|x86
		{204E3A96-AFCD-4C5E-8489-4E6C95C0A9F9}.Debug|ARM.ActiveCfg = Debug|ARM
		{204E3A96-AFCD-4C5E-8489-4E6C95C0A9F9}.Debug|ARM.Build.0 = Debug|ARM
		{204E3A96-AFCD-4C5E-8489-4E6C95C0A9F9}.Debug|ARM.Deploy.0 = Debug|ARM
		{204E3A96-AFCD-4C5E-8489-4E6C95C0A9F9}.Debug|iPhone.ActiveCfg = Debug|x86
		{204E3A96-AFCD-4C5E-8489-4E6C95C0A9F9}.Debug|iPhoneSimulator.ActiveCfg = Debug|x86
		{204E3A96-AFCD-4C5E-8489-4E6C95C0A9F9}.Debug|x64.ActiveCfg = Debug|x64
		{204E3A96-AFCD-4C5E-8489-4E6C95C0A9F9}.Debug|x64.Build.0 = Debug|x64
		{204E3A96-AFCD-4C5E-8489-4E6C95C0A9F9}.Debug|x64.Deploy.0 = Debug|x64
		{204E3A96-AFCD-4C5E-8489-4E6C95C0A9F9}.Debug|x86.ActiveCfg = Debug|x86
		{204E3A96-AFCD-4C5E-8489-4E6C95C0A9F9}.Debug|x86.Build.0 = Debug|x86
		{204E3A96-AFCD-4C5E-8489-4E6C95C0A9F9}.Debug|x86.Deploy.0 = Debug|x86
		{204E3A96-AFCD-4C5E-8489-4E6C95C0A9F9}.Release|Any CPU.ActiveCfg = Release|x86
		{204E3A96-AFCD-4C5E-8489-4E6C95C0A9F9}.Release|ARM.ActiveCfg = Release|ARM
		{204E3A96-AFCD-4C5E-8489-4E6C95C0A9F9}.Release|ARM.Build.0 = Release|ARM
		{204E3A96-AFCD-4C5E-8489-4E6C95C0A9F9}.Release|ARM.Deploy.0 = Release|ARM
		{204E3A96-AFCD-4C5E-8489-4E6C95C0A9F9}.Release|iPhone.ActiveCfg = Release|x86
		{204E3A96-AFCD-4C5E-8489-4E6C95C0A9F9}.Release|iPhoneSimulator.ActiveCfg = Release|x86
		{204E3A96-AFCD-4C5E-8489-4E6C95C0A9F9}.Release|x64.ActiveCfg = Release|x64
		{204E3A96-AFCD-4C5E-8489-4E6C95C0A9F9}.Release|x64.Build.0 = Release|x64
		{204E3A96-AFCD-4C5E-8489-4E6C95C0A9F9}.Release|x64.Deploy.0 = Release|x64
		{204E3A96-AFCD-4C5E-8489-4E6C95C0A9F9}.Release|x86.ActiveCfg = Release|x86
		{204E3A96-AFCD-4C5E-8489-4E6C95C0A9F9}.Release|x86.Build.0 = Release|x86
		{204E3A96-AFCD-4C5E-8489-4E6C95C0A9F9}.Release|x86.Deploy.0 = Release|x86
		{B15E50C6-2FBE-4B63-9AF3-156BEFC88E68}.Ad-Hoc|Any CPU.ActiveCfg = Release|Any CPU
		{B15E50C6-2FBE-4B63-9AF3-156BEFC88E68}.Ad-Hoc|Any CPU.Build.0 = Release|Any CPU
		{B15E50C6-2FBE-4B63-9AF3-156BEFC88E68}.Ad-Hoc|Any CPU.Deploy.0 = Release|Any CPU
		{B15E50C6-2FBE-4B63-9AF3-156BEFC88E68}.Ad-Hoc|ARM.ActiveCfg = Release|ARM
		{B15E50C6-2FBE-4B63-9AF3-156BEFC88E68}.Ad-Hoc|ARM.Build.0 = Release|ARM
		{B15E50C6-2FBE-4B63-9AF3-156BEFC88E68}.Ad-Hoc|ARM.Deploy.0 = Release|ARM
		{B15E50C6-2FBE-4B63-9AF3-156BEFC88E68}.Ad-Hoc|iPhone.ActiveCfg = Release|Any CPU
		{B15E50C6-2FBE-4B63-9AF3-156BEFC88E68}.Ad-Hoc|iPhone.Build.0 = Release|Any CPU
		{B15E50C6-2FBE-4B63-9AF3-156BEFC88E68}.Ad-Hoc|iPhone.Deploy.0 = Release|Any CPU
		{B15E50C6-2FBE-4B63-9AF3-156BEFC88E68}.Ad-Hoc|iPhoneSimulator.ActiveCfg = Release|Any CPU
		{B15E50C6-2FBE-4B63-9AF3-156BEFC88E68}.Ad-Hoc|iPhoneSimulator.Build.0 = Release|Any CPU
		{B15E50C6-2FBE-4B63-9AF3-156BEFC88E68}.Ad-Hoc|iPhoneSimulator.Deploy.0 = Release|Any CPU
		{B15E50C6-2FBE-4B63-9AF3-156BEFC88E68}.Ad-Hoc|x64.ActiveCfg = Release|x64
		{B15E50C6-2FBE-4B63-9AF3-156BEFC88E68}.Ad-Hoc|x64.Build.0 = Release|x64
		{B15E50C6-2FBE-4B63-9AF3-156BEFC88E68}.Ad-Hoc|x64.Deploy.0 = Release|x64
		{B15E50C6-2FBE-4B63-9AF3-156BEFC88E68}.Ad-Hoc|x86.ActiveCfg = Release|x86
		{B15E50C6-2FBE-4B63-9AF3-156BEFC88E68}.Ad-Hoc|x86.Build.0 = Release|x86
		{B15E50C6-2FBE-4B63-9AF3-156BEFC88E68}.Ad-Hoc|x86.Deploy.0 = Release|x86
		{B15E50C6-2FBE-4B63-9AF3-156BEFC88E68}.AppStore|Any CPU.ActiveCfg = Release|Any CPU
		{B15E50C6-2FBE-4B63-9AF3-156BEFC88E68}.AppStore|Any CPU.Build.0 = Release|Any CPU
		{B15E50C6-2FBE-4B63-9AF3-156BEFC88E68}.AppStore|Any CPU.Deploy.0 = Release|Any CPU
		{B15E50C6-2FBE-4B63-9AF3-156BEFC88E68}.AppStore|ARM.ActiveCfg = Release|ARM
		{B15E50C6-2FBE-4B63-9AF3-156BEFC88E68}.AppStore|ARM.Build.0 = Release|ARM
		{B15E50C6-2FBE-4B63-9AF3-156BEFC88E68}.AppStore|ARM.Deploy.0 = Release|ARM
		{B15E50C6-2FBE-4B63-9AF3-156BEFC88E68}.AppStore|iPhone.ActiveCfg = Release|Any CPU
		{B15E50C6-2FBE-4B63-9AF3-156BEFC88E68}.AppStore|iPhone.Build.0 = Release|Any CPU
		{B15E50C6-2FBE-4B63-9AF3-156BEFC88E68}.AppStore|iPhone.Deploy.0 = Release|Any CPU
		{B15E50C6-2FBE-4B63-9AF3-156BEFC88E68}.AppStore|iPhoneSimulator.ActiveCfg = Release|Any CPU
		{B15E50C6-2FBE-4B63-9AF3-156BEFC88E68}.AppStore|iPhoneSimulator.Build.0 = Release|Any CPU
		{B15E50C6-2FBE-4B63-9AF3-156BEFC88E68}.AppStore|iPhoneSimulator.Deploy.0 = Release|Any CPU
		{B15E50C6-2FBE-4B63-9AF3-156BEFC88E68}.AppStore|x64.ActiveCfg = Release|x64
		{B15E50C6-2FBE-4B63-9AF3-156BEFC88E68}.AppStore|x64.Build.0 = Release|x64
		{B15E50C6-2FBE-4B63-9AF3-156BEFC88E68}.AppStore|x64.Deploy.0 = Release|x64
		{B15E50C6-2FBE-4B63-9AF3-156BEFC88E68}.AppStore|x86.ActiveCfg = Release|x86
		{B15E50C6-2FBE-4B63-9AF3-156BEFC88E68}.AppStore|x86.Build.0 = Release|x86
		{B15E50C6-2FBE-4B63-9AF3-156BEFC88E68}.AppStore|x86.Deploy.0 = Release|x86
		{B15E50C6-2FBE-4B63-9AF3-156BEFC88E68}.Debug|Any CPU.ActiveCfg = Debug|Any CPU
		{B15E50C6-2FBE-4B63-9AF3-156BEFC88E68}.Debug|Any CPU.Build.0 = Debug|Any CPU
		{B15E50C6-2FBE-4B63-9AF3-156BEFC88E68}.Debug|Any CPU.Deploy.0 = Debug|Any CPU
		{B15E50C6-2FBE-4B63-9AF3-156BEFC88E68}.Debug|ARM.ActiveCfg = Debug|ARM
		{B15E50C6-2FBE-4B63-9AF3-156BEFC88E68}.Debug|ARM.Build.0 = Debug|ARM
		{B15E50C6-2FBE-4B63-9AF3-156BEFC88E68}.Debug|ARM.Deploy.0 = Debug|ARM
		{B15E50C6-2FBE-4B63-9AF3-156BEFC88E68}.Debug|iPhone.ActiveCfg = Debug|Any CPU
		{B15E50C6-2FBE-4B63-9AF3-156BEFC88E68}.Debug|iPhone.Build.0 = Debug|Any CPU
		{B15E50C6-2FBE-4B63-9AF3-156BEFC88E68}.Debug|iPhone.Deploy.0 = Debug|Any CPU
		{B15E50C6-2FBE-4B63-9AF3-156BEFC88E68}.Debug|iPhoneSimulator.ActiveCfg = Debug|Any CPU
		{B15E50C6-2FBE-4B63-9AF3-156BEFC88E68}.Debug|iPhoneSimulator.Build.0 = Debug|Any CPU
		{B15E50C6-2FBE-4B63-9AF3-156BEFC88E68}.Debug|iPhoneSimulator.Deploy.0 = Debug|Any CPU
		{B15E50C6-2FBE-4B63-9AF3-156BEFC88E68}.Debug|x64.ActiveCfg = Debug|x64
		{B15E50C6-2FBE-4B63-9AF3-156BEFC88E68}.Debug|x64.Build.0 = Debug|x64
		{B15E50C6-2FBE-4B63-9AF3-156BEFC88E68}.Debug|x64.Deploy.0 = Debug|x64
		{B15E50C6-2FBE-4B63-9AF3-156BEFC88E68}.Debug|x86.ActiveCfg = Debug|x86
		{B15E50C6-2FBE-4B63-9AF3-156BEFC88E68}.Debug|x86.Build.0 = Debug|x86
		{B15E50C6-2FBE-4B63-9AF3-156BEFC88E68}.Debug|x86.Deploy.0 = Debug|x86
		{B15E50C6-2FBE-4B63-9AF3-156BEFC88E68}.Release|Any CPU.ActiveCfg = Release|Any CPU
		{B15E50C6-2FBE-4B63-9AF3-156BEFC88E68}.Release|Any CPU.Build.0 = Release|Any CPU
		{B15E50C6-2FBE-4B63-9AF3-156BEFC88E68}.Release|Any CPU.Deploy.0 = Release|Any CPU
		{B15E50C6-2FBE-4B63-9AF3-156BEFC88E68}.Release|ARM.ActiveCfg = Release|ARM
		{B15E50C6-2FBE-4B63-9AF3-156BEFC88E68}.Release|ARM.Build.0 = Release|ARM
		{B15E50C6-2FBE-4B63-9AF3-156BEFC88E68}.Release|ARM.Deploy.0 = Release|ARM
		{B15E50C6-2FBE-4B63-9AF3-156BEFC88E68}.Release|iPhone.ActiveCfg = Release|Any CPU
		{B15E50C6-2FBE-4B63-9AF3-156BEFC88E68}.Release|iPhone.Build.0 = Release|Any CPU
		{B15E50C6-2FBE-4B63-9AF3-156BEFC88E68}.Release|iPhone.Deploy.0 = Release|Any CPU
		{B15E50C6-2FBE-4B63-9AF3-156BEFC88E68}.Release|iPhoneSimulator.ActiveCfg = Release|Any CPU
		{B15E50C6-2FBE-4B63-9AF3-156BEFC88E68}.Release|iPhoneSimulator.Build.0 = Release|Any CPU
		{B15E50C6-2FBE-4B63-9AF3-156BEFC88E68}.Release|iPhoneSimulator.Deploy.0 = Release|Any CPU
		{B15E50C6-2FBE-4B63-9AF3-156BEFC88E68}.Release|x64.ActiveCfg = Release|x64
		{B15E50C6-2FBE-4B63-9AF3-156BEFC88E68}.Release|x64.Build.0 = Release|x64
		{B15E50C6-2FBE-4B63-9AF3-156BEFC88E68}.Release|x64.Deploy.0 = Release|x64
		{B15E50C6-2FBE-4B63-9AF3-156BEFC88E68}.Release|x86.ActiveCfg = Release|x86
		{B15E50C6-2FBE-4B63-9AF3-156BEFC88E68}.Release|x86.Build.0 = Release|x86
		{B15E50C6-2FBE-4B63-9AF3-156BEFC88E68}.Release|x86.Deploy.0 = Release|x86
		{08ED6FE5-86D6-43C0-B04C-BE13644A863D}.Ad-Hoc|Any CPU.ActiveCfg = Release|Any CPU
		{08ED6FE5-86D6-43C0-B04C-BE13644A863D}.Ad-Hoc|Any CPU.Build.0 = Release|Any CPU
		{08ED6FE5-86D6-43C0-B04C-BE13644A863D}.Ad-Hoc|ARM.ActiveCfg = Release|Any CPU
		{08ED6FE5-86D6-43C0-B04C-BE13644A863D}.Ad-Hoc|ARM.Build.0 = Release|Any CPU
		{08ED6FE5-86D6-43C0-B04C-BE13644A863D}.Ad-Hoc|iPhone.ActiveCfg = Release|Any CPU
		{08ED6FE5-86D6-43C0-B04C-BE13644A863D}.Ad-Hoc|iPhone.Build.0 = Release|Any CPU
		{08ED6FE5-86D6-43C0-B04C-BE13644A863D}.Ad-Hoc|iPhoneSimulator.ActiveCfg = Release|Any CPU
		{08ED6FE5-86D6-43C0-B04C-BE13644A863D}.Ad-Hoc|iPhoneSimulator.Build.0 = Release|Any CPU
		{08ED6FE5-86D6-43C0-B04C-BE13644A863D}.Ad-Hoc|x64.ActiveCfg = Release|Any CPU
		{08ED6FE5-86D6-43C0-B04C-BE13644A863D}.Ad-Hoc|x64.Build.0 = Release|Any CPU
		{08ED6FE5-86D6-43C0-B04C-BE13644A863D}.Ad-Hoc|x86.ActiveCfg = Release|Any CPU
		{08ED6FE5-86D6-43C0-B04C-BE13644A863D}.Ad-Hoc|x86.Build.0 = Release|Any CPU
		{08ED6FE5-86D6-43C0-B04C-BE13644A863D}.AppStore|Any CPU.ActiveCfg = Release|Any CPU
		{08ED6FE5-86D6-43C0-B04C-BE13644A863D}.AppStore|Any CPU.Build.0 = Release|Any CPU
		{08ED6FE5-86D6-43C0-B04C-BE13644A863D}.AppStore|ARM.ActiveCfg = Release|Any CPU
		{08ED6FE5-86D6-43C0-B04C-BE13644A863D}.AppStore|ARM.Build.0 = Release|Any CPU
		{08ED6FE5-86D6-43C0-B04C-BE13644A863D}.AppStore|iPhone.ActiveCfg = Release|Any CPU
		{08ED6FE5-86D6-43C0-B04C-BE13644A863D}.AppStore|iPhone.Build.0 = Release|Any CPU
		{08ED6FE5-86D6-43C0-B04C-BE13644A863D}.AppStore|iPhoneSimulator.ActiveCfg = Release|Any CPU
		{08ED6FE5-86D6-43C0-B04C-BE13644A863D}.AppStore|iPhoneSimulator.Build.0 = Release|Any CPU
		{08ED6FE5-86D6-43C0-B04C-BE13644A863D}.AppStore|x64.ActiveCfg = Release|Any CPU
		{08ED6FE5-86D6-43C0-B04C-BE13644A863D}.AppStore|x64.Build.0 = Release|Any CPU
		{08ED6FE5-86D6-43C0-B04C-BE13644A863D}.AppStore|x86.ActiveCfg = Release|Any CPU
		{08ED6FE5-86D6-43C0-B04C-BE13644A863D}.AppStore|x86.Build.0 = Release|Any CPU
		{08ED6FE5-86D6-43C0-B04C-BE13644A863D}.Debug|Any CPU.ActiveCfg = Debug|Any CPU
		{08ED6FE5-86D6-43C0-B04C-BE13644A863D}.Debug|Any CPU.Build.0 = Debug|Any CPU
		{08ED6FE5-86D6-43C0-B04C-BE13644A863D}.Debug|ARM.ActiveCfg = Debug|Any CPU
		{08ED6FE5-86D6-43C0-B04C-BE13644A863D}.Debug|ARM.Build.0 = Debug|Any CPU
		{08ED6FE5-86D6-43C0-B04C-BE13644A863D}.Debug|iPhone.ActiveCfg = Debug|Any CPU
		{08ED6FE5-86D6-43C0-B04C-BE13644A863D}.Debug|iPhone.Build.0 = Debug|Any CPU
		{08ED6FE5-86D6-43C0-B04C-BE13644A863D}.Debug|iPhoneSimulator.ActiveCfg = Debug|Any CPU
		{08ED6FE5-86D6-43C0-B04C-BE13644A863D}.Debug|iPhoneSimulator.Build.0 = Debug|Any CPU
		{08ED6FE5-86D6-43C0-B04C-BE13644A863D}.Debug|x64.ActiveCfg = Debug|Any CPU
		{08ED6FE5-86D6-43C0-B04C-BE13644A863D}.Debug|x64.Build.0 = Debug|Any CPU
		{08ED6FE5-86D6-43C0-B04C-BE13644A863D}.Debug|x86.ActiveCfg = Debug|Any CPU
		{08ED6FE5-86D6-43C0-B04C-BE13644A863D}.Debug|x86.Build.0 = Debug|Any CPU
		{08ED6FE5-86D6-43C0-B04C-BE13644A863D}.Release|Any CPU.ActiveCfg = Release|Any CPU
		{08ED6FE5-86D6-43C0-B04C-BE13644A863D}.Release|Any CPU.Build.0 = Release|Any CPU
		{08ED6FE5-86D6-43C0-B04C-BE13644A863D}.Release|ARM.ActiveCfg = Release|Any CPU
		{08ED6FE5-86D6-43C0-B04C-BE13644A863D}.Release|ARM.Build.0 = Release|Any CPU
		{08ED6FE5-86D6-43C0-B04C-BE13644A863D}.Release|iPhone.ActiveCfg = Release|Any CPU
		{08ED6FE5-86D6-43C0-B04C-BE13644A863D}.Release|iPhone.Build.0 = Release|Any CPU
		{08ED6FE5-86D6-43C0-B04C-BE13644A863D}.Release|iPhoneSimulator.ActiveCfg = Release|Any CPU
		{08ED6FE5-86D6-43C0-B04C-BE13644A863D}.Release|iPhoneSimulator.Build.0 = Release|Any CPU
		{08ED6FE5-86D6-43C0-B04C-BE13644A863D}.Release|x64.ActiveCfg = Release|Any CPU
		{08ED6FE5-86D6-43C0-B04C-BE13644A863D}.Release|x64.Build.0 = Release|Any CPU
		{08ED6FE5-86D6-43C0-B04C-BE13644A863D}.Release|x86.ActiveCfg = Release|Any CPU
		{08ED6FE5-86D6-43C0-B04C-BE13644A863D}.Release|x86.Build.0 = Release|Any CPU
		{7961C340-6442-43B3-8F93-A7207D2AF66D}.Ad-Hoc|Any CPU.ActiveCfg = Release|Any CPU
		{7961C340-6442-43B3-8F93-A7207D2AF66D}.Ad-Hoc|Any CPU.Build.0 = Release|Any CPU
		{7961C340-6442-43B3-8F93-A7207D2AF66D}.Ad-Hoc|ARM.ActiveCfg = Release|Any CPU
		{7961C340-6442-43B3-8F93-A7207D2AF66D}.Ad-Hoc|ARM.Build.0 = Release|Any CPU
		{7961C340-6442-43B3-8F93-A7207D2AF66D}.Ad-Hoc|iPhone.ActiveCfg = Release|Any CPU
		{7961C340-6442-43B3-8F93-A7207D2AF66D}.Ad-Hoc|iPhone.Build.0 = Release|Any CPU
		{7961C340-6442-43B3-8F93-A7207D2AF66D}.Ad-Hoc|iPhoneSimulator.ActiveCfg = Release|Any CPU
		{7961C340-6442-43B3-8F93-A7207D2AF66D}.Ad-Hoc|iPhoneSimulator.Build.0 = Release|Any CPU
		{7961C340-6442-43B3-8F93-A7207D2AF66D}.Ad-Hoc|x64.ActiveCfg = Release|Any CPU
		{7961C340-6442-43B3-8F93-A7207D2AF66D}.Ad-Hoc|x64.Build.0 = Release|Any CPU
		{7961C340-6442-43B3-8F93-A7207D2AF66D}.Ad-Hoc|x86.ActiveCfg = Release|Any CPU
		{7961C340-6442-43B3-8F93-A7207D2AF66D}.Ad-Hoc|x86.Build.0 = Release|Any CPU
		{7961C340-6442-43B3-8F93-A7207D2AF66D}.AppStore|Any CPU.ActiveCfg = Release|Any CPU
		{7961C340-6442-43B3-8F93-A7207D2AF66D}.AppStore|Any CPU.Build.0 = Release|Any CPU
		{7961C340-6442-43B3-8F93-A7207D2AF66D}.AppStore|ARM.ActiveCfg = Release|Any CPU
		{7961C340-6442-43B3-8F93-A7207D2AF66D}.AppStore|ARM.Build.0 = Release|Any CPU
		{7961C340-6442-43B3-8F93-A7207D2AF66D}.AppStore|iPhone.ActiveCfg = Release|Any CPU
		{7961C340-6442-43B3-8F93-A7207D2AF66D}.AppStore|iPhone.Build.0 = Release|Any CPU
		{7961C340-6442-43B3-8F93-A7207D2AF66D}.AppStore|iPhoneSimulator.ActiveCfg = Release|Any CPU
		{7961C340-6442-43B3-8F93-A7207D2AF66D}.AppStore|iPhoneSimulator.Build.0 = Release|Any CPU
		{7961C340-6442-43B3-8F93-A7207D2AF66D}.AppStore|x64.ActiveCfg = Release|Any CPU
		{7961C340-6442-43B3-8F93-A7207D2AF66D}.AppStore|x64.Build.0 = Release|Any CPU
		{7961C340-6442-43B3-8F93-A7207D2AF66D}.AppStore|x86.ActiveCfg = Release|Any CPU
		{7961C340-6442-43B3-8F93-A7207D2AF66D}.AppStore|x86.Build.0 = Release|Any CPU
		{7961C340-6442-43B3-8F93-A7207D2AF66D}.Debug|Any CPU.ActiveCfg = Debug|Any CPU
		{7961C340-6442-43B3-8F93-A7207D2AF66D}.Debug|Any CPU.Build.0 = Debug|Any CPU
		{7961C340-6442-43B3-8F93-A7207D2AF66D}.Debug|ARM.ActiveCfg = Debug|Any CPU
		{7961C340-6442-43B3-8F93-A7207D2AF66D}.Debug|ARM.Build.0 = Debug|Any CPU
		{7961C340-6442-43B3-8F93-A7207D2AF66D}.Debug|iPhone.ActiveCfg = Debug|Any CPU
		{7961C340-6442-43B3-8F93-A7207D2AF66D}.Debug|iPhone.Build.0 = Debug|Any CPU
		{7961C340-6442-43B3-8F93-A7207D2AF66D}.Debug|iPhoneSimulator.ActiveCfg = Debug|Any CPU
		{7961C340-6442-43B3-8F93-A7207D2AF66D}.Debug|iPhoneSimulator.Build.0 = Debug|Any CPU
		{7961C340-6442-43B3-8F93-A7207D2AF66D}.Debug|x64.ActiveCfg = Debug|Any CPU
		{7961C340-6442-43B3-8F93-A7207D2AF66D}.Debug|x64.Build.0 = Debug|Any CPU
		{7961C340-6442-43B3-8F93-A7207D2AF66D}.Debug|x86.ActiveCfg = Debug|Any CPU
		{7961C340-6442-43B3-8F93-A7207D2AF66D}.Debug|x86.Build.0 = Debug|Any CPU
		{7961C340-6442-43B3-8F93-A7207D2AF66D}.Release|Any CPU.ActiveCfg = Release|Any CPU
		{7961C340-6442-43B3-8F93-A7207D2AF66D}.Release|Any CPU.Build.0 = Release|Any CPU
		{7961C340-6442-43B3-8F93-A7207D2AF66D}.Release|ARM.ActiveCfg = Release|Any CPU
		{7961C340-6442-43B3-8F93-A7207D2AF66D}.Release|ARM.Build.0 = Release|Any CPU
		{7961C340-6442-43B3-8F93-A7207D2AF66D}.Release|iPhone.ActiveCfg = Release|Any CPU
		{7961C340-6442-43B3-8F93-A7207D2AF66D}.Release|iPhone.Build.0 = Release|Any CPU
		{7961C340-6442-43B3-8F93-A7207D2AF66D}.Release|iPhoneSimulator.ActiveCfg = Release|Any CPU
		{7961C340-6442-43B3-8F93-A7207D2AF66D}.Release|iPhoneSimulator.Build.0 = Release|Any CPU
		{7961C340-6442-43B3-8F93-A7207D2AF66D}.Release|x64.ActiveCfg = Release|Any CPU
		{7961C340-6442-43B3-8F93-A7207D2AF66D}.Release|x64.Build.0 = Release|Any CPU
		{7961C340-6442-43B3-8F93-A7207D2AF66D}.Release|x86.ActiveCfg = Release|Any CPU
		{7961C340-6442-43B3-8F93-A7207D2AF66D}.Release|x86.Build.0 = Release|Any CPU
	EndGlobalSection
	GlobalSection(SolutionProperties) = preSolution
		HideSolutionNode = FALSE
	EndGlobalSection
EndGlobal
